
Microsoft Visual Studio Solution File, Format Version 12.00
# Visual Studio Version 17
VisualStudioVersion = 17.1.32228.430
MinimumVisualStudioVersion = 10.0.40219.1
Project("{FAE04EC0-301F-11D3-BF4B-00C04F79EFBC}") = "FutureValueCalculator", "FutureValueCalculator\FutureValueCalculator.csproj", "{551A2E4E-7626-410A-91B8-AE81251DC541}"
EndProject
Global
	GlobalSection(SolutionConfigurationPlatforms) = preSolution
		Debug|Any CPU = Debug|Any CPU
		Release|Any CPU = Release|Any CPU
	EndGlobalSection
	GlobalSection(ProjectConfigurationPlatforms) = postSolution
		{551A2E4E-7626-410A-91B8-AE81251DC541}.Debug|Any CPU.ActiveCfg = Debug|Any CPU
		{551A2E4E-7626-410A-91B8-AE81251DC541}.Debug|Any CPU.Build.0 = Debug|Any CPU
		{551A2E4E-7626-410A-91B8-AE81251DC541}.Release|Any CPU.ActiveCfg = Release|Any CPU
		{551A2E4E-7626-410A-91B8-AE81251DC541}.Release|Any CPU.Build.0 = Release|Any CPU
	EndGlobalSection
	GlobalSection(SolutionProperties) = preSolution
		HideSolutionNode = FALSE
	EndGlobalSection
	GlobalSection(ExtensibilityGlobals) = postSolution
		SolutionGuid = {E7C3B85B-2FBE-4A03-9718-37C3B8BED3A0}
	EndGlobalSection
EndGlobal
